# This file is automatically @generated by Poetry 1.5.3 and should not be changed by hand.

[[package]]
name = "pytz"
version = "2023.3.post1"
description = "World timezone definitions, modern and historical"
optional = false
python-versions = "*"
files = [
    {file = "pytz-2023.3.post1-py2.py3-none-any.whl", hash = "sha256:ce42d816b81b68506614c11e8937d3aa9e41007ceb50bfdcb0749b921bf646c7"},
    {file = "pytz-2023.3.post1.tar.gz", hash = "sha256:7b4fddbeb94a1eba4b557da24f19fdf9db575192544270a9101d8509f9f43d7b"},
]

[metadata]
lock-version = "2.0"
python-versions = "^3.10"
content-hash = "f0a0fd71601620b830f0062789252d963494f655a37cab677bde9d2a6ede0b97"
